
Microsoft Visual Studio Solution File, Format Version 12.00
Project("{FAE04EC0-301F-11D3-BF4B-00C04F79EFBC}") = "WebApplication", "WebApplication.csproj", "{92BA5529-E6C3-48FC-ACA7-1EB908C552B0}"
EndProject
Global
	GlobalSection(SolutionConfigurationPlatforms) = preSolution
		Debug|Any CPU = Debug|Any CPU
		Release|Any CPU = Release|Any CPU
	EndGlobalSection
	GlobalSection(ProjectConfigurationPlatforms) = postSolution
		{92BA5529-E6C3-48FC-ACA7-1EB908C552B0}.Debug|Any CPU.ActiveCfg = Debug|Any CPU
		{92BA5529-E6C3-48FC-ACA7-1EB908C552B0}.Debug|Any CPU.Build.0 = Debug|Any CPU
		{92BA5529-E6C3-48FC-ACA7-1EB908C552B0}.Release|Any CPU.ActiveCfg = Release|Any CPU
		{92BA5529-E6C3-48FC-ACA7-1EB908C552B0}.Release|Any CPU.Build.0 = Release|Any CPU
	EndGlobalSection
EndGlobal
